
Microsoft Visual Studio Solution File, Format Version 12.00
# Visual Studio Version 17
VisualStudioVersion = 17.5.33103.201
MinimumVisualStudioVersion = 10.0.40219.1
Project("{FAE04EC0-301F-11D3-BF4B-00C04F79EFBC}") = "SMSGateway", "SMSGateway\SMSGateway.csproj", "{2CD0CA18-C42B-4752-8F6A-3D1AB0C9CBB5}"
EndProject
Project("{FAE04EC0-301F-11D3-BF4B-00C04F79EFBC}") = "Application", "Application\Application.csproj", "{328E386E-AED0-4D80-9864-377D3E54C7FF}"
EndProject
Project("{FAE04EC0-301F-11D3-BF4B-00C04F79EFBC}") = "Domain", "Domain\Domain.csproj", "{B2C5914F-9CA1-4B63-A927-7422772433F0}"
EndProject
Project("{FAE04EC0-301F-11D3-BF4B-00C04F79EFBC}") = "Persistence", "Persistence\Persistence.csproj", "{7860C572-F004-4B39-9532-872522CB29AF}"
EndProject
Global
	GlobalSection(SolutionConfigurationPlatforms) = preSolution
		Debug|Any CPU = Debug|Any CPU
		Release|Any CPU = Release|Any CPU
	EndGlobalSection
	GlobalSection(ProjectConfigurationPlatforms) = postSolution
		{2CD0CA18-C42B-4752-8F6A-3D1AB0C9CBB5}.Debug|Any CPU.ActiveCfg = Debug|Any CPU
		{2CD0CA18-C42B-4752-8F6A-3D1AB0C9CBB5}.Debug|Any CPU.Build.0 = Debug|Any CPU
		{2CD0CA18-C42B-4752-8F6A-3D1AB0C9CBB5}.Release|Any CPU.ActiveCfg = Release|Any CPU
		{2CD0CA18-C42B-4752-8F6A-3D1AB0C9CBB5}.Release|Any CPU.Build.0 = Release|Any CPU
		{328E386E-AED0-4D80-9864-377D3E54C7FF}.Debug|Any CPU.ActiveCfg = Debug|Any CPU
		{328E386E-AED0-4D80-9864-377D3E54C7FF}.Debug|Any CPU.Build.0 = Debug|Any CPU
		{328E386E-AED0-4D80-9864-377D3E54C7FF}.Release|Any CPU.ActiveCfg = Release|Any CPU
		{328E386E-AED0-4D80-9864-377D3E54C7FF}.Release|Any CPU.Build.0 = Release|Any CPU
		{B2C5914F-9CA1-4B63-A927-7422772433F0}.Debug|Any CPU.ActiveCfg = Debug|Any CPU
		{B2C5914F-9CA1-4B63-A927-7422772433F0}.Debug|Any CPU.Build.0 = Debug|Any CPU
		{B2C5914F-9CA1-4B63-A927-7422772433F0}.Release|Any CPU.ActiveCfg = Release|Any CPU
		{B2C5914F-9CA1-4B63-A927-7422772433F0}.Release|Any CPU.Build.0 = Release|Any CPU
		{7860C572-F004-4B39-9532-872522CB29AF}.Debug|Any CPU.ActiveCfg = Debug|Any CPU
		{7860C572-F004-4B39-9532-872522CB29AF}.Debug|Any CPU.Build.0 = Debug|Any CPU
		{7860C572-F004-4B39-9532-872522CB29AF}.Release|Any CPU.ActiveCfg = Release|Any CPU
		{7860C572-F004-4B39-9532-872522CB29AF}.Release|Any CPU.Build.0 = Release|Any CPU
	EndGlobalSection
	GlobalSection(SolutionProperties) = preSolution
		HideSolutionNode = FALSE
	EndGlobalSection
	GlobalSection(ExtensibilityGlobals) = postSolution
		SolutionGuid = {7B76BFFF-1E44-4FAC-9DD7-ADF4807F5413}
	EndGlobalSection
EndGlobal
